
Microsoft Visual Studio Solution File, Format Version 12.00
# Visual Studio Version 17
VisualStudioVersion = 17.4.33205.214
MinimumVisualStudioVersion = 10.0.40219.1
Project("{FAE04EC0-301F-11D3-BF4B-00C04F79EFBC}") = "cs_lab1", "cs_lab1.csproj", "{943834FA-7F81-474D-93C6-2CE92D22F659}"
EndProject
Global
	GlobalSection(SolutionConfigurationPlatforms) = preSolution
		Debug|Any CPU = Debug|Any CPU
		Release|Any CPU = Release|Any CPU
	EndGlobalSection
	GlobalSection(ProjectConfigurationPlatforms) = postSolution
		{943834FA-7F81-474D-93C6-2CE92D22F659}.Debug|Any CPU.ActiveCfg = Debug|Any CPU
		{943834FA-7F81-474D-93C6-2CE92D22F659}.Debug|Any CPU.Build.0 = Debug|Any CPU
		{943834FA-7F81-474D-93C6-2CE92D22F659}.Release|Any CPU.ActiveCfg = Release|Any CPU
		{943834FA-7F81-474D-93C6-2CE92D22F659}.Release|Any CPU.Build.0 = Release|Any CPU
	EndGlobalSection
	GlobalSection(SolutionProperties) = preSolution
		HideSolutionNode = FALSE
	EndGlobalSection
	GlobalSection(ExtensibilityGlobals) = postSolution
		SolutionGuid = {6F2E7316-0428-4BE8-8D3D-E803478B61D5}
	EndGlobalSection
EndGlobal
